// !$*UTF8*$!
{
	archiveVersion = 1;
	classes = {
	};
	objectVersion = 56;
	objects = {

/* Begin PBXBuildFile section */
		28916197296E0B0F008C8C5E /* ExplosionStarbaseSound.wav in Resources */ = {isa = PBXBuildFile; fileRef = 28916195296E0B0F008C8C5E /* ExplosionStarbaseSound.wav */; };
		2891619A296E0C95008C8C5E /* ExplosionSaucerSound.wav in Resources */ = {isa = PBXBuildFile; fileRef = 28916199296E0C95008C8C5E /* ExplosionSaucerSound.wav */; };
		289161A4296E2B5E008C8C5E /* WarpSound4.wav in Resources */ = {isa = PBXBuildFile; fileRef = 2891619F296E2B5E008C8C5E /* WarpSound4.wav */; };
		28A12E8C29637FDC00EF2E5B /* Helper.swift in Sources */ = {isa = PBXBuildFile; fileRef = 28A12E8B29637FDC00EF2E5B /* Helper.swift */; };
		28A12E8F29661B4A00EF2E5B /* Boom1.wav in Resources */ = {isa = PBXBuildFile; fileRef = 28A12E8E29661B4A00EF2E5B /* Boom1.wav */; };
		28A12E9329661B5D00EF2E5B /* Boom3.wav in Resources */ = {isa = PBXBuildFile; fileRef = 28A12E9029661B5D00EF2E5B /* Boom3.wav */; };
		28A12E9429661B5D00EF2E5B /* Explosion1.wav in Resources */ = {isa = PBXBuildFile; fileRef = 28A12E9129661B5D00EF2E5B /* Explosion1.wav */; };
		28A12E9529661B5D00EF2E5B /* Boom2.wav in Resources */ = {isa = PBXBuildFile; fileRef = 28A12E9229661B5D00EF2E5B /* Boom2.wav */; };
		28A12E9729661B6600EF2E5B /* Gunshot.wav in Resources */ = {isa = PBXBuildFile; fileRef = 28A12E9629661B6600EF2E5B /* Gunshot.wav */; };
		28A12E9929661DC300EF2E5B /* Sound.swift in Sources */ = {isa = PBXBuildFile; fileRef = 28A12E9829661DC300EF2E5B /* Sound.swift */; };
		28A12E9B29661E1500EF2E5B /* TrekKlaxon.wav in Resources */ = {isa = PBXBuildFile; fileRef = 28A12E9A29661E1500EF2E5B /* TrekKlaxon.wav */; };
		28A12E9D29661E2600EF2E5B /* silent_sound.wav in Resources */ = {isa = PBXBuildFile; fileRef = 28A12E9C29661E2600EF2E5B /* silent_sound.wav */; };
		28A12EA129661E4200EF2E5B /* laser3.wav in Resources */ = {isa = PBXBuildFile; fileRef = 28A12EA029661E4200EF2E5B /* laser3.wav */; };
		28A12EA329661E4B00EF2E5B /* GameOver.wav in Resources */ = {isa = PBXBuildFile; fileRef = 28A12EA229661E4B00EF2E5B /* GameOver.wav */; };
		28A12EA52966222300EF2E5B /* Haptic.swift in Sources */ = {isa = PBXBuildFile; fileRef = 28A12EA42966222300EF2E5B /* Haptic.swift */; };
		28A12EAB29663CB000EF2E5B /* Thrusters_20_Seconds.wav in Resources */ = {isa = PBXBuildFile; fileRef = 28A12EAA29663CB000EF2E5B /* Thrusters_20_Seconds.wav */; };
		28A12EAD29663E6700EF2E5B /* deep_rumble_1_sec.wav in Resources */ = {isa = PBXBuildFile; fileRef = 28A12EAC29663E6700EF2E5B /* deep_rumble_1_sec.wav */; };
		28A12EB12966406500EF2E5B /* flying_saucer_rumble.wav in Resources */ = {isa = PBXBuildFile; fileRef = 28A12EB02966406500EF2E5B /* flying_saucer_rumble.wav */; };
		28A12EB32966453100EF2E5B /* rocket_4_sec.wav in Resources */ = {isa = PBXBuildFile; fileRef = 28A12EB22966453100EF2E5B /* rocket_4_sec.wav */; };
		28A12EB52966477D00EF2E5B /* asteroid_explosion.wav in Resources */ = {isa = PBXBuildFile; fileRef = 28A12EB42966477D00EF2E5B /* asteroid_explosion.wav */; };
		28A12EB9296E06E500EF2E5B /* ExplosionSaucer.sks in Resources */ = {isa = PBXBuildFile; fileRef = 28A12EB8296E06E500EF2E5B /* ExplosionSaucer.sks */; };
		28B51A17297A190B004ABF68 /* Reachability.swift in Sources */ = {isa = PBXBuildFile; fileRef = 28B51A16297A190B004ABF68 /* Reachability.swift */; };
		28C70BC9294D2C5600ADAC9A /* GameViewModel.swift in Sources */ = {isa = PBXBuildFile; fileRef = 28C70BC8294D2C5600ADAC9A /* GameViewModel.swift */; };
		28C70C0A2952787F00ADAC9A /* ExplosionParticles.sks in Resources */ = {isa = PBXBuildFile; fileRef = 28C70C092952787F00ADAC9A /* ExplosionParticles.sks */; };
		28C70C0C295CF63F00ADAC9A /* ExplosionStarbase.sks in Resources */ = {isa = PBXBuildFile; fileRef = 28C70C0B295CF63F00ADAC9A /* ExplosionStarbase.sks */; };
		28D8C62F2942AC150067D801 /* AppDelegate.swift in Sources */ = {isa = PBXBuildFile; fileRef = 28D8C62E2942AC150067D801 /* AppDelegate.swift */; };
		28D8C6312942AC150067D801 /* GameScene.sks in Resources */ = {isa = PBXBuildFile; fileRef = 28D8C6302942AC150067D801 /* GameScene.sks */; };
		28D8C6332942AC150067D801 /* Actions.sks in Resources */ = {isa = PBXBuildFile; fileRef = 28D8C6322942AC150067D801 /* Actions.sks */; };
		28D8C6352942AC150067D801 /* GameScene.swift in Sources */ = {isa = PBXBuildFile; fileRef = 28D8C6342942AC150067D801 /* GameScene.swift */; };
		28D8C6372942AC150067D801 /* GameViewController.swift in Sources */ = {isa = PBXBuildFile; fileRef = 28D8C6362942AC150067D801 /* GameViewController.swift */; };
		28D8C63A2942AC150067D801 /* Main.storyboard in Resources */ = {isa = PBXBuildFile; fileRef = 28D8C6382942AC150067D801 /* Main.storyboard */; };
		28D8C63C2942AC160067D801 /* Assets.xcassets in Resources */ = {isa = PBXBuildFile; fileRef = 28D8C63B2942AC160067D801 /* Assets.xcassets */; };
		28D8C63F2942AC160067D801 /* LaunchScreen.storyboard in Resources */ = {isa = PBXBuildFile; fileRef = 28D8C63D2942AC160067D801 /* LaunchScreen.storyboard */; };
		28D8C6492942AC160067D801 /* Guided_MissileTests.swift in Sources */ = {isa = PBXBuildFile; fileRef = 28D8C6482942AC160067D801 /* Guided_MissileTests.swift */; };
		28D8C6532942AC170067D801 /* Guided_MissileUITests.swift in Sources */ = {isa = PBXBuildFile; fileRef = 28D8C6522942AC170067D801 /* Guided_MissileUITests.swift */; };
		28D8C6552942AC170067D801 /* Guided_MissileUITestsLaunchTests.swift in Sources */ = {isa = PBXBuildFile; fileRef = 28D8C6542942AC170067D801 /* Guided_MissileUITestsLaunchTests.swift */; };
		28D8C6622942AF620067D801 /* MyLog.swift in Sources */ = {isa = PBXBuildFile; fileRef = 28D8C6612942AF620067D801 /* MyLog.swift */; };
		28D8C6642942AF880067D801 /* Motion.swift in Sources */ = {isa = PBXBuildFile; fileRef = 28D8C6632942AF880067D801 /* Motion.swift */; };
		28D8C6662942AF930067D801 /* MotionForSpriteKit.swift in Sources */ = {isa = PBXBuildFile; fileRef = 28D8C6652942AF930067D801 /* MotionForSpriteKit.swift */; };
		28D8C66A294794EE0067D801 /* ShapeNodeBuilder.swift in Sources */ = {isa = PBXBuildFile; fileRef = 28D8C669294794EE0067D801 /* ShapeNodeBuilder.swift */; };
		A2D093EBC028BDA07E236593 /* Pods_Guided_MissileTests.framework in Frameworks */ = {isa = PBXBuildFile; fileRef = FE1CDCA0AA9E568C58F083B8 /* Pods_Guided_MissileTests.framework */; };
		AB40AEED2F6553E0802C6AC5 /* Pods_Guided_Missile.framework in Frameworks */ = {isa = PBXBuildFile; fileRef = 822B53A1B62E23A4E13F248A /* Pods_Guided_Missile.framework */; };
		F92B22E8D2E33E8BE618F80A /* Pods_Guided_Missile_Guided_MissileUITests.framework in Frameworks */ = {isa = PBXBuildFile; fileRef = 2D4DFCB8A10C26F8DE946140 /* Pods_Guided_Missile_Guided_MissileUITests.framework */; };
/* End PBXBuildFile section */

/* Begin PBXContainerItemProxy section */
		28D8C6452942AC160067D801 /* PBXContainerItemProxy */ = {
			isa = PBXContainerItemProxy;
			containerPortal = 28D8C6232942AC150067D801 /* Project object */;
			proxyType = 1;
			remoteGlobalIDString = 28D8C62A2942AC150067D801;
			remoteInfo = "Guided Missile";
		};
		28D8C64F2942AC170067D801 /* PBXContainerItemProxy */ = {
			isa = PBXContainerItemProxy;
			containerPortal = 28D8C6232942AC150067D801 /* Project object */;
			proxyType = 1;
			remoteGlobalIDString = 28D8C62A2942AC150067D801;
			remoteInfo = "Guided Missile";
		};
/* End PBXContainerItemProxy section */

/* Begin PBXFileReference section */
		1A5FA4EBD6667BC6233A8289 /* Pods-Guided Missile-Guided MissileUITests.debug.xcconfig */ = {isa = PBXFileReference; includeInIndex = 1; lastKnownFileType = text.xcconfig; name = "Pods-Guided Missile-Guided MissileUITests.debug.xcconfig"; path = "Target Support Files/Pods-Guided Missile-Guided MissileUITests/Pods-Guided Missile-Guided MissileUITests.debug.xcconfig"; sourceTree = "<group>"; };
		283DBE4B29873F50001A34EE /* Guided-Missile-Info.plist */ = {isa = PBXFileReference; lastKnownFileType = text.plist; path = "Guided-Missile-Info.plist"; sourceTree = SOURCE_ROOT; };
		28916195296E0B0F008C8C5E /* ExplosionStarbaseSound.wav */ = {isa = PBXFileReference; lastKnownFileType = audio.wav; path = ExplosionStarbaseSound.wav; sourceTree = "<group>"; };
		28916199296E0C95008C8C5E /* ExplosionSaucerSound.wav */ = {isa = PBXFileReference; lastKnownFileType = audio.wav; path = ExplosionSaucerSound.wav; sourceTree = "<group>"; };
		2891619F296E2B5E008C8C5E /* WarpSound4.wav */ = {isa = PBXFileReference; lastKnownFileType = audio.wav; path = WarpSound4.wav; sourceTree = "<group>"; };
		28A12E8B29637FDC00EF2E5B /* Helper.swift */ = {isa = PBXFileReference; lastKnownFileType = sourcecode.swift; path = Helper.swift; sourceTree = "<group>"; };
		28A12E8E29661B4A00EF2E5B /* Boom1.wav */ = {isa = PBXFileReference; lastKnownFileType = audio.wav; path = Boom1.wav; sourceTree = "<group>"; };
		28A12E9029661B5D00EF2E5B /* Boom3.wav */ = {isa = PBXFileReference; lastKnownFileType = audio.wav; path = Boom3.wav; sourceTree = "<group>"; };
		28A12E9129661B5D00EF2E5B /* Explosion1.wav */ = {isa = PBXFileReference; lastKnownFileType = audio.wav; path = Explosion1.wav; sourceTree = "<group>"; };
		28A12E9229661B5D00EF2E5B /* Boom2.wav */ = {isa = PBXFileReference; lastKnownFileType = audio.wav; path = Boom2.wav; sourceTree = "<group>"; };
		28A12E9629661B6600EF2E5B /* Gunshot.wav */ = {isa = PBXFileReference; lastKnownFileType = audio.wav; path = Gunshot.wav; sourceTree = "<group>"; };
		28A12E9829661DC300EF2E5B /* Sound.swift */ = {isa = PBXFileReference; lastKnownFileType = sourcecode.swift; path = Sound.swift; sourceTree = "<group>"; };
		28A12E9A29661E1500EF2E5B /* TrekKlaxon.wav */ = {isa = PBXFileReference; lastKnownFileType = audio.wav; path = TrekKlaxon.wav; sourceTree = "<group>"; };
		28A12E9C29661E2600EF2E5B /* silent_sound.wav */ = {isa = PBXFileReference; lastKnownFileType = audio.wav; path = silent_sound.wav; sourceTree = "<group>"; };
		28A12EA029661E4200EF2E5B /* laser3.wav */ = {isa = PBXFileReference; lastKnownFileType = audio.wav; path = laser3.wav; sourceTree = "<group>"; };
		28A12EA229661E4B00EF2E5B /* GameOver.wav */ = {isa = PBXFileReference; lastKnownFileType = audio.wav; path = GameOver.wav; sourceTree = "<group>"; };
		28A12EA42966222300EF2E5B /* Haptic.swift */ = {isa = PBXFileReference; lastKnownFileType = sourcecode.swift; path = Haptic.swift; sourceTree = "<group>"; };
		28A12EAA29663CB000EF2E5B /* Thrusters_20_Seconds.wav */ = {isa = PBXFileReference; lastKnownFileType = audio.wav; path = Thrusters_20_Seconds.wav; sourceTree = "<group>"; };
		28A12EAC29663E6700EF2E5B /* deep_rumble_1_sec.wav */ = {isa = PBXFileReference; lastKnownFileType = audio.wav; path = deep_rumble_1_sec.wav; sourceTree = "<group>"; };
		28A12EB02966406500EF2E5B /* flying_saucer_rumble.wav */ = {isa = PBXFileReference; lastKnownFileType = audio.wav; path = flying_saucer_rumble.wav; sourceTree = "<group>"; };
		28A12EB22966453100EF2E5B /* rocket_4_sec.wav */ = {isa = PBXFileReference; lastKnownFileType = audio.wav; name = rocket_4_sec.wav; path = Sounds/rocket_4_sec.wav; sourceTree = SOURCE_ROOT; };
		28A12EB42966477D00EF2E5B /* asteroid_explosion.wav */ = {isa = PBXFileReference; lastKnownFileType = audio.wav; path = asteroid_explosion.wav; sourceTree = "<group>"; };
		28A12EB8296E06E500EF2E5B /* ExplosionSaucer.sks */ = {isa = PBXFileReference; lastKnownFileType = file.sks; path = ExplosionSaucer.sks; sourceTree = "<group>"; };
		28B51A16297A190B004ABF68 /* Reachability.swift */ = {isa = PBXFileReference; lastKnownFileType = sourcecode.swift; path = Reachability.swift; sourceTree = "<group>"; };
		28B51A18297F51CC004ABF68 /* Guided Missile.entitlements */ = {isa = PBXFileReference; lastKnownFileType = text.plist.entitlements; path = "Guided Missile.entitlements"; sourceTree = "<group>"; };
		28C70BC8294D2C5600ADAC9A /* GameViewModel.swift */ = {isa = PBXFileReference; lastKnownFileType = sourcecode.swift; path = GameViewModel.swift; sourceTree = "<group>"; };
		28C70C092952787F00ADAC9A /* ExplosionParticles.sks */ = {isa = PBXFileReference; lastKnownFileType = file.sks; path = ExplosionParticles.sks; sourceTree = "<group>"; };
		28C70C0B295CF63F00ADAC9A /* ExplosionStarbase.sks */ = {isa = PBXFileReference; lastKnownFileType = file.sks; path = ExplosionStarbase.sks; sourceTree = "<group>"; };
		28D8C62B2942AC150067D801 /* Guided Missile.app */ = {isa = PBXFileReference; explicitFileType = wrapper.application; includeInIndex = 0; path = "Guided Missile.app"; sourceTree = BUILT_PRODUCTS_DIR; };
		28D8C62E2942AC150067D801 /* AppDelegate.swift */ = {isa = PBXFileReference; lastKnownFileType = sourcecode.swift; path = AppDelegate.swift; sourceTree = "<group>"; };
		28D8C6302942AC150067D801 /* GameScene.sks */ = {isa = PBXFileReference; lastKnownFileType = file.sks; path = GameScene.sks; sourceTree = "<group>"; };
		28D8C6322942AC150067D801 /* Actions.sks */ = {isa = PBXFileReference; lastKnownFileType = file.sks; path = Actions.sks; sourceTree = "<group>"; };
		28D8C6342942AC150067D801 /* GameScene.swift */ = {isa = PBXFileReference; lastKnownFileType = sourcecode.swift; path = GameScene.swift; sourceTree = "<group>"; };
		28D8C6362942AC150067D801 /* GameViewController.swift */ = {isa = PBXFileReference; lastKnownFileType = sourcecode.swift; path = GameViewController.swift; sourceTree = "<group>"; };
		28D8C6392942AC150067D801 /* Base */ = {isa = PBXFileReference; lastKnownFileType = file.storyboard; name = Base; path = Base.lproj/Main.storyboard; sourceTree = "<group>"; };
		28D8C63B2942AC160067D801 /* Assets.xcassets */ = {isa = PBXFileReference; lastKnownFileType = folder.assetcatalog; path = Assets.xcassets; sourceTree = "<group>"; };
		28D8C63E2942AC160067D801 /* Base */ = {isa = PBXFileReference; lastKnownFileType = file.storyboard; name = Base; path = Base.lproj/LaunchScreen.storyboard; sourceTree = "<group>"; };
		28D8C6442942AC160067D801 /* Guided MissileTests.xctest */ = {isa = PBXFileReference; explicitFileType = wrapper.cfbundle; includeInIndex = 0; path = "Guided MissileTests.xctest"; sourceTree = BUILT_PRODUCTS_DIR; };
		28D8C6482942AC160067D801 /* Guided_MissileTests.swift */ = {isa = PBXFileReference; lastKnownFileType = sourcecode.swift; path = Guided_MissileTests.swift; sourceTree = "<group>"; };
		28D8C64E2942AC170067D801 /* Guided MissileUITests.xctest */ = {isa = PBXFileReference; explicitFileType = wrapper.cfbundle; includeInIndex = 0; path = "Guided MissileUITests.xctest"; sourceTree = BUILT_PRODUCTS_DIR; };
		28D8C6522942AC170067D801 /* Guided_MissileUITests.swift */ = {isa = PBXFileReference; lastKnownFileType = sourcecode.swift; path = Guided_MissileUITests.swift; sourceTree = "<group>"; };
		28D8C6542942AC170067D801 /* Guided_MissileUITestsLaunchTests.swift */ = {isa = PBXFileReference; lastKnownFileType = sourcecode.swift; path = Guided_MissileUITestsLaunchTests.swift; sourceTree = "<group>"; };
		28D8C6612942AF620067D801 /* MyLog.swift */ = {isa = PBXFileReference; fileEncoding = 4; lastKnownFileType = sourcecode.swift; path = MyLog.swift; sourceTree = "<group>"; };
		28D8C6632942AF880067D801 /* Motion.swift */ = {isa = PBXFileReference; fileEncoding = 4; lastKnownFileType = sourcecode.swift; path = Motion.swift; sourceTree = "<group>"; };
		28D8C6652942AF930067D801 /* MotionForSpriteKit.swift */ = {isa = PBXFileReference; fileEncoding = 4; lastKnownFileType = sourcecode.swift; path = MotionForSpriteKit.swift; sourceTree = "<group>"; };
		28D8C669294794EE0067D801 /* ShapeNodeBuilder.swift */ = {isa = PBXFileReference; lastKnownFileType = sourcecode.swift; path = ShapeNodeBuilder.swift; sourceTree = "<group>"; };
		2D4DFCB8A10C26F8DE946140 /* Pods_Guided_Missile_Guided_MissileUITests.framework */ = {isa = PBXFileReference; explicitFileType = wrapper.framework; includeInIndex = 0; path = Pods_Guided_Missile_Guided_MissileUITests.framework; sourceTree = BUILT_PRODUCTS_DIR; };
		4C2D418338B2918AD2183D8E /* Pods-Guided MissileTests.debug.xcconfig */ = {isa = PBXFileReference; includeInIndex = 1; lastKnownFileType = text.xcconfig; name = "Pods-Guided MissileTests.debug.xcconfig"; path = "Target Support Files/Pods-Guided MissileTests/Pods-Guided MissileTests.debug.xcconfig"; sourceTree = "<group>"; };
		5B148ECBDA34257028A43A87 /* Pods-Guided MissileTests.release.xcconfig */ = {isa = PBXFileReference; includeInIndex = 1; lastKnownFileType = text.xcconfig; name = "Pods-Guided MissileTests.release.xcconfig"; path = "Target Support Files/Pods-Guided MissileTests/Pods-Guided MissileTests.release.xcconfig"; sourceTree = "<group>"; };
		822B53A1B62E23A4E13F248A /* Pods_Guided_Missile.framework */ = {isa = PBXFileReference; explicitFileType = wrapper.framework; includeInIndex = 0; path = Pods_Guided_Missile.framework; sourceTree = BUILT_PRODUCTS_DIR; };
		87265E5263CBD1CCAD4B1C7D /* Pods-Guided Missile.release.xcconfig */ = {isa = PBXFileReference; includeInIndex = 1; lastKnownFileType = text.xcconfig; name = "Pods-Guided Missile.release.xcconfig"; path = "Target Support Files/Pods-Guided Missile/Pods-Guided Missile.release.xcconfig"; sourceTree = "<group>"; };
		D75BDE6F56EEC1947033D971 /* Pods-Guided Missile.debug.xcconfig */ = {isa = PBXFileReference; includeInIndex = 1; lastKnownFileType = text.xcconfig; name = "Pods-Guided Missile.debug.xcconfig"; path = "Target Support Files/Pods-Guided Missile/Pods-Guided Missile.debug.xcconfig"; sourceTree = "<group>"; };
		F306F400E6FFE8B088A1D432 /* Pods-Guided Missile-Guided MissileUITests.release.xcconfig */ = {isa = PBXFileReference; includeInIndex = 1; lastKnownFileType = text.xcconfig; name = "Pods-Guided Missile-Guided MissileUITests.release.xcconfig"; path = "Target Support Files/Pods-Guided Missile-Guided MissileUITests/Pods-Guided Missile-Guided MissileUITests.release.xcconfig"; sourceTree = "<group>"; };
		FE1CDCA0AA9E568C58F083B8 /* Pods_Guided_MissileTests.framework */ = {isa = PBXFileReference; explicitFileType = wrapper.framework; includeInIndex = 0; path = Pods_Guided_MissileTests.framework; sourceTree = BUILT_PRODUCTS_DIR; };
/* End PBXFileReference section */

/* Begin PBXFrameworksBuildPhase section */
		28D8C6282942AC150067D801 /* Frameworks */ = {
			isa = PBXFrameworksBuildPhase;
			buildActionMask = 2147483647;
			files = (
				AB40AEED2F6553E0802C6AC5 /* Pods_Guided_Missile.framework in Frameworks */,
			);
			runOnlyForDeploymentPostprocessing = 0;
		};
		28D8C6412942AC160067D801 /* Frameworks */ = {
			isa = PBXFrameworksBuildPhase;
			buildActionMask = 2147483647;
			files = (
				A2D093EBC028BDA07E236593 /* Pods_Guided_MissileTests.framework in Frameworks */,
			);
			runOnlyForDeploymentPostprocessing = 0;
		};
		28D8C64B2942AC170067D801 /* Frameworks */ = {
			isa = PBXFrameworksBuildPhase;
			buildActionMask = 2147483647;
			files = (
				F92B22E8D2E33E8BE618F80A /* Pods_Guided_Missile_Guided_MissileUITests.framework in Frameworks */,
			);
			runOnlyForDeploymentPostprocessing = 0;
		};
/* End PBXFrameworksBuildPhase section */

/* Begin PBXGroup section */
		28A12E8D29661B3100EF2E5B /* Sounds */ = {
			isa = PBXGroup;
			children = (
				28A12EAA29663CB000EF2E5B /* Thrusters_20_Seconds.wav */,
				28A12EAC29663E6700EF2E5B /* deep_rumble_1_sec.wav */,
				28A12EB22966453100EF2E5B /* rocket_4_sec.wav */,
				28A12EB02966406500EF2E5B /* flying_saucer_rumble.wav */,
				28A12E9C29661E2600EF2E5B /* silent_sound.wav */,
				28A12E9A29661E1500EF2E5B /* TrekKlaxon.wav */,
				28A12EB42966477D00EF2E5B /* asteroid_explosion.wav */,
				28916195296E0B0F008C8C5E /* ExplosionStarbaseSound.wav */,
				28916199296E0C95008C8C5E /* ExplosionSaucerSound.wav */,
				2891619F296E2B5E008C8C5E /* WarpSound4.wav */,
				28A12E8E29661B4A00EF2E5B /* Boom1.wav */,
				28A12E9229661B5D00EF2E5B /* Boom2.wav */,
				28A12E9029661B5D00EF2E5B /* Boom3.wav */,
				28A12EA029661E4200EF2E5B /* laser3.wav */,
				28A12E9629661B6600EF2E5B /* Gunshot.wav */,
				28A12EA229661E4B00EF2E5B /* GameOver.wav */,
				28A12E9129661B5D00EF2E5B /* Explosion1.wav */,
			);
			path = Sounds;
			sourceTree = "<group>";
		};
		28D8C6222942AC150067D801 = {
			isa = PBXGroup;
			children = (
				28D8C62D2942AC150067D801 /* Guided Missile */,
				28D8C6472942AC160067D801 /* Guided MissileTests */,
				28D8C6512942AC170067D801 /* Guided MissileUITests */,
				28D8C62C2942AC150067D801 /* Products */,
				7C337A8FC25D3F96AEAD4A14 /* Pods */,
				C8DEACA2B1BEBF23081BAF33 /* Frameworks */,
			);
			sourceTree = "<group>";
		};
		28D8C62C2942AC150067D801 /* Products */ = {
			isa = PBXGroup;
			children = (
				28D8C62B2942AC150067D801 /* Guided Missile.app */,
				28D8C6442942AC160067D801 /* Guided MissileTests.xctest */,
				28D8C64E2942AC170067D801 /* Guided MissileUITests.xctest */,
			);
			name = Products;
			sourceTree = "<group>";
		};
		28D8C62D2942AC150067D801 /* Guided Missile */ = {
			isa = PBXGroup;
			children = (
				283DBE4B29873F50001A34EE /* Guided-Missile-Info.plist */,
				28B51A18297F51CC004ABF68 /* Guided Missile.entitlements */,
				28D8C6302942AC150067D801 /* GameScene.sks */,
				28D8C6322942AC150067D801 /* Actions.sks */,
				28C70C092952787F00ADAC9A /* ExplosionParticles.sks */,
				28C70C0B295CF63F00ADAC9A /* ExplosionStarbase.sks */,
				28A12EB8296E06E500EF2E5B /* ExplosionSaucer.sks */,
				28A12E8D29661B3100EF2E5B /* Sounds */,
				28D8C62E2942AC150067D801 /* AppDelegate.swift */,
				28C70BC8294D2C5600ADAC9A /* GameViewModel.swift */,
				28D8C6342942AC150067D801 /* GameScene.swift */,
				28D8C669294794EE0067D801 /* ShapeNodeBuilder.swift */,
				28A12E8B29637FDC00EF2E5B /* Helper.swift */,
				28D8C6362942AC150067D801 /* GameViewController.swift */,
				28D8C6652942AF930067D801 /* MotionForSpriteKit.swift */,
				28D8C6632942AF880067D801 /* Motion.swift */,
				28A12EA42966222300EF2E5B /* Haptic.swift */,
				28D8C6612942AF620067D801 /* MyLog.swift */,
				28B51A16297A190B004ABF68 /* Reachability.swift */,
				28A12E9829661DC300EF2E5B /* Sound.swift */,
				28D8C6382942AC150067D801 /* Main.storyboard */,
				28D8C63D2942AC160067D801 /* LaunchScreen.storyboard */,
				28D8C63B2942AC160067D801 /* Assets.xcassets */,
			);
			path = "Guided Missile";
			sourceTree = "<group>";
		};
		28D8C6472942AC160067D801 /* Guided MissileTests */ = {
			isa = PBXGroup;
			children = (
				28D8C6482942AC160067D801 /* Guided_MissileTests.swift */,
			);
			path = "Guided MissileTests";
			sourceTree = "<group>";
		};
		28D8C6512942AC170067D801 /* Guided MissileUITests */ = {
			isa = PBXGroup;
			children = (
				28D8C6522942AC170067D801 /* Guided_MissileUITests.swift */,
				28D8C6542942AC170067D801 /* Guided_MissileUITestsLaunchTests.swift */,
			);
			path = "Guided MissileUITests";
			sourceTree = "<group>";
		};
		7C337A8FC25D3F96AEAD4A14 /* Pods */ = {
			isa = PBXGroup;
			children = (
				D75BDE6F56EEC1947033D971 /* Pods-Guided Missile.debug.xcconfig */,
				87265E5263CBD1CCAD4B1C7D /* Pods-Guided Missile.release.xcconfig */,
				1A5FA4EBD6667BC6233A8289 /* Pods-Guided Missile-Guided MissileUITests.debug.xcconfig */,
				F306F400E6FFE8B088A1D432 /* Pods-Guided Missile-Guided MissileUITests.release.xcconfig */,
				4C2D418338B2918AD2183D8E /* Pods-Guided MissileTests.debug.xcconfig */,
				5B148ECBDA34257028A43A87 /* Pods-Guided MissileTests.release.xcconfig */,
			);
			path = Pods;
			sourceTree = "<group>";
		};
		C8DEACA2B1BEBF23081BAF33 /* Frameworks */ = {
			isa = PBXGroup;
			children = (
				822B53A1B62E23A4E13F248A /* Pods_Guided_Missile.framework */,
				2D4DFCB8A10C26F8DE946140 /* Pods_Guided_Missile_Guided_MissileUITests.framework */,
				FE1CDCA0AA9E568C58F083B8 /* Pods_Guided_MissileTests.framework */,
			);
			name = Frameworks;
			sourceTree = "<group>";
		};
/* End PBXGroup section */

/* Begin PBXNativeTarget section */
		28D8C62A2942AC150067D801 /* Guided Missile */ = {
			isa = PBXNativeTarget;
			buildConfigurationList = 28D8C6582942AC170067D801 /* Build configuration list for PBXNativeTarget "Guided Missile" */;
			buildPhases = (
				9DB547A0E685A27B6BA4D04D /* [CP] Check Pods Manifest.lock */,
				28D8C6272942AC150067D801 /* Sources */,
				28D8C6282942AC150067D801 /* Frameworks */,
				28D8C6292942AC150067D801 /* Resources */,
				E6D2D7EA895CF90F6D6D4C9B /* [CP] Embed Pods Frameworks */,
			);
			buildRules = (
			);
			dependencies = (
			);
			name = "Guided Missile";
			productName = "Guided Missile";
			productReference = 28D8C62B2942AC150067D801 /* Guided Missile.app */;
			productType = "com.apple.product-type.application";
		};
		28D8C6432942AC160067D801 /* Guided MissileTests */ = {
			isa = PBXNativeTarget;
			buildConfigurationList = 28D8C65B2942AC170067D801 /* Build configuration list for PBXNativeTarget "Guided MissileTests" */;
			buildPhases = (
				D07C61F60B45A3636751E9A3 /* [CP] Check Pods Manifest.lock */,
				28D8C6402942AC160067D801 /* Sources */,
				28D8C6412942AC160067D801 /* Frameworks */,
				28D8C6422942AC160067D801 /* Resources */,
			);
			buildRules = (
			);
			dependencies = (
				28D8C6462942AC160067D801 /* PBXTargetDependency */,
			);
			name = "Guided MissileTests";
			productName = "Guided MissileTests";
			productReference = 28D8C6442942AC160067D801 /* Guided MissileTests.xctest */;
			productType = "com.apple.product-type.bundle.unit-test";
		};
		28D8C64D2942AC170067D801 /* Guided MissileUITests */ = {
			isa = PBXNativeTarget;
			buildConfigurationList = 28D8C65E2942AC170067D801 /* Build configuration list for PBXNativeTarget "Guided MissileUITests" */;
			buildPhases = (
				75118D1C78DD2FF1ED770A1A /* [CP] Check Pods Manifest.lock */,
				28D8C64A2942AC170067D801 /* Sources */,
				28D8C64B2942AC170067D801 /* Frameworks */,
				28D8C64C2942AC170067D801 /* Resources */,
				F14E972E162EC2327A552E9A /* [CP] Embed Pods Frameworks */,
			);
			buildRules = (
			);
			dependencies = (
				28D8C6502942AC170067D801 /* PBXTargetDependency */,
			);
			name = "Guided MissileUITests";
			productName = "Guided MissileUITests";
			productReference = 28D8C64E2942AC170067D801 /* Guided MissileUITests.xctest */;
			productType = "com.apple.product-type.bundle.ui-testing";
		};
/* End PBXNativeTarget section */

/* Begin PBXProject section */
		28D8C6232942AC150067D801 /* Project object */ = {
			isa = PBXProject;
			attributes = {
				BuildIndependentTargetsInParallel = 1;
				LastSwiftUpdateCheck = 1410;
				LastUpgradeCheck = 1410;
				TargetAttributes = {
					28D8C62A2942AC150067D801 = {
						CreatedOnToolsVersion = 14.1;
					};
					28D8C6432942AC160067D801 = {
						CreatedOnToolsVersion = 14.1;
						TestTargetID = 28D8C62A2942AC150067D801;
					};
					28D8C64D2942AC170067D801 = {
						CreatedOnToolsVersion = 14.1;
						TestTargetID = 28D8C62A2942AC150067D801;
					};
				};
			};
			buildConfigurationList = 28D8C6262942AC150067D801 /* Build configuration list for PBXProject "Guided Missile" */;
			compatibilityVersion = "Xcode 14.0";
			developmentRegion = en;
			hasScannedForEncodings = 0;
			knownRegions = (
				en,
				Base,
			);
			mainGroup = 28D8C6222942AC150067D801;
			productRefGroup = 28D8C62C2942AC150067D801 /* Products */;
			projectDirPath = "";
			projectRoot = "";
			targets = (
				28D8C62A2942AC150067D801 /* Guided Missile */,
				28D8C6432942AC160067D801 /* Guided MissileTests */,
				28D8C64D2942AC170067D801 /* Guided MissileUITests */,
			);
		};
/* End PBXProject section */

/* Begin PBXResourcesBuildPhase section */
		28D8C6292942AC150067D801 /* Resources */ = {
			isa = PBXResourcesBuildPhase;
			buildActionMask = 2147483647;
			files = (
				289161A4296E2B5E008C8C5E /* WarpSound4.wav in Resources */,
				28A12EA129661E4200EF2E5B /* laser3.wav in Resources */,
				28A12EB12966406500EF2E5B /* flying_saucer_rumble.wav in Resources */,
				28A12E9329661B5D00EF2E5B /* Boom3.wav in Resources */,
				28C70C0C295CF63F00ADAC9A /* ExplosionStarbase.sks in Resources */,
				2891619A296E0C95008C8C5E /* ExplosionSaucerSound.wav in Resources */,
				28D8C63A2942AC150067D801 /* Main.storyboard in Resources */,
				28C70C0A2952787F00ADAC9A /* ExplosionParticles.sks in Resources */,
				28A12E9429661B5D00EF2E5B /* Explosion1.wav in Resources */,
				28A12E8F29661B4A00EF2E5B /* Boom1.wav in Resources */,
				28A12EA329661E4B00EF2E5B /* GameOver.wav in Resources */,
				28D8C6312942AC150067D801 /* GameScene.sks in Resources */,
				28A12E9D29661E2600EF2E5B /* silent_sound.wav in Resources */,
				28A12EAB29663CB000EF2E5B /* Thrusters_20_Seconds.wav in Resources */,
				28A12E9B29661E1500EF2E5B /* TrekKlaxon.wav in Resources */,
				28916197296E0B0F008C8C5E /* ExplosionStarbaseSound.wav in Resources */,
				28A12E9529661B5D00EF2E5B /* Boom2.wav in Resources */,
				28A12EAD29663E6700EF2E5B /* deep_rumble_1_sec.wav in Resources */,
				28D8C63C2942AC160067D801 /* Assets.xcassets in Resources */,
				28D8C63F2942AC160067D801 /* LaunchScreen.storyboard in Resources */,
				28A12EB32966453100EF2E5B /* rocket_4_sec.wav in Resources */,
				28A12EB52966477D00EF2E5B /* asteroid_explosion.wav in Resources */,
				28D8C6332942AC150067D801 /* Actions.sks in Resources */,
				28A12E9729661B6600EF2E5B /* Gunshot.wav in Resources */,
				28A12EB9296E06E500EF2E5B /* ExplosionSaucer.sks in Resources */,
			);
			runOnlyForDeploymentPostprocessing = 0;
		};
		28D8C6422942AC160067D801 /* Resources */ = {
			isa = PBXResourcesBuildPhase;
			buildActionMask = 2147483647;
			files = (
			);
			runOnlyForDeploymentPostprocessing = 0;
		};
		28D8C64C2942AC170067D801 /* Resources */ = {
			isa = PBXResourcesBuildPhase;
			buildActionMask = 2147483647;
			files = (
			);
			runOnlyForDeploymentPostprocessing = 0;
		};
/* End PBXResourcesBuildPhase section */

/* Begin PBXShellScriptBuildPhase section */
		75118D1C78DD2FF1ED770A1A /* [CP] Check Pods Manifest.lock */ = {
			isa = PBXShellScriptBuildPhase;
			buildActionMask = 2147483647;
			files = (
			);
			inputFileListPaths = (
			);
			inputPaths = (
				"${PODS_PODFILE_DIR_PATH}/Podfile.lock",
				"${PODS_ROOT}/Manifest.lock",
			);
			name = "[CP] Check Pods Manifest.lock";
			outputFileListPaths = (
			);
			outputPaths = (
				"$(DERIVED_FILE_DIR)/Pods-Guided Missile-Guided MissileUITests-checkManifestLockResult.txt",
			);
			runOnlyForDeploymentPostprocessing = 0;
			shellPath = /bin/sh;
			shellScript = "diff \"${PODS_PODFILE_DIR_PATH}/Podfile.lock\" \"${PODS_ROOT}/Manifest.lock\" > /dev/null\nif [ $? != 0 ] ; then\n    # print error to STDERR\n    echo \"error: The sandbox is not in sync with the Podfile.lock. Run 'pod install' or update your CocoaPods installation.\" >&2\n    exit 1\nfi\n# This output is used by Xcode 'outputs' to avoid re-running this script phase.\necho \"SUCCESS\" > \"${SCRIPT_OUTPUT_FILE_0}\"\n";
			showEnvVarsInLog = 0;
		};
		9DB547A0E685A27B6BA4D04D /* [CP] Check Pods Manifest.lock */ = {
			isa = PBXShellScriptBuildPhase;
			buildActionMask = 2147483647;
			files = (
			);
			inputFileListPaths = (
			);
			inputPaths = (
				"${PODS_PODFILE_DIR_PATH}/Podfile.lock",
				"${PODS_ROOT}/Manifest.lock",
			);
			name = "[CP] Check Pods Manifest.lock";
			outputFileListPaths = (
			);
			outputPaths = (
				"$(DERIVED_FILE_DIR)/Pods-Guided Missile-checkManifestLockResult.txt",
			);
			runOnlyForDeploymentPostprocessing = 0;
			shellPath = /bin/sh;
			shellScript = "diff \"${PODS_PODFILE_DIR_PATH}/Podfile.lock\" \"${PODS_ROOT}/Manifest.lock\" > /dev/null\nif [ $? != 0 ] ; then\n    # print error to STDERR\n    echo \"error: The sandbox is not in sync with the Podfile.lock. Run 'pod install' or update your CocoaPods installation.\" >&2\n    exit 1\nfi\n# This output is used by Xcode 'outputs' to avoid re-running this script phase.\necho \"SUCCESS\" > \"${SCRIPT_OUTPUT_FILE_0}\"\n";
			showEnvVarsInLog = 0;
		};
		D07C61F60B45A3636751E9A3 /* [CP] Check Pods Manifest.lock */ = {
			isa = PBXShellScriptBuildPhase;
			buildActionMask = 2147483647;
			files = (
			);
			inputFileListPaths = (
			);
			inputPaths = (
				"${PODS_PODFILE_DIR_PATH}/Podfile.lock",
				"${PODS_ROOT}/Manifest.lock",
			);
			name = "[CP] Check Pods Manifest.lock";
			outputFileListPaths = (
			);
			outputPaths = (
				"$(DERIVED_FILE_DIR)/Pods-Guided MissileTests-checkManifestLockResult.txt",
			);
			runOnlyForDeploymentPostprocessing = 0;
			shellPath = /bin/sh;
			shellScript = "diff \"${PODS_PODFILE_DIR_PATH}/Podfile.lock\" \"${PODS_ROOT}/Manifest.lock\" > /dev/null\nif [ $? != 0 ] ; then\n    # print error to STDERR\n    echo \"error: The sandbox is not in sync with the Podfile.lock. Run 'pod install' or update your CocoaPods installation.\" >&2\n    exit 1\nfi\n# This output is used by Xcode 'outputs' to avoid re-running this script phase.\necho \"SUCCESS\" > \"${SCRIPT_OUTPUT_FILE_0}\"\n";
			showEnvVarsInLog = 0;
		};
		E6D2D7EA895CF90F6D6D4C9B /* [CP] Embed Pods Frameworks */ = {
			isa = PBXShellScriptBuildPhase;
			buildActionMask = 2147483647;
			files = (
			);
			inputFileListPaths = (
				"${PODS_ROOT}/Target Support Files/Pods-Guided Missile/Pods-Guided Missile-frameworks-${CONFIGURATION}-input-files.xcfilelist",
			);
			name = "[CP] Embed Pods Frameworks";
			outputFileListPaths = (
				"${PODS_ROOT}/Target Support Files/Pods-Guided Missile/Pods-Guided Missile-frameworks-${CONFIGURATION}-output-files.xcfilelist",
			);
			runOnlyForDeploymentPostprocessing = 0;
			shellPath = /bin/sh;
			shellScript = "\"${PODS_ROOT}/Target Support Files/Pods-Guided Missile/Pods-Guided Missile-frameworks.sh\"\n";
			showEnvVarsInLog = 0;
		};
		F14E972E162EC2327A552E9A /* [CP] Embed Pods Frameworks */ = {
			isa = PBXShellScriptBuildPhase;
			buildActionMask = 2147483647;
			files = (
			);
			inputFileListPaths = (
				"${PODS_ROOT}/Target Support Files/Pods-Guided Missile-Guided MissileUITests/Pods-Guided Missile-Guided MissileUITests-frameworks-${CONFIGURATION}-input-files.xcfilelist",
			);
			name = "[CP] Embed Pods Frameworks";
			outputFileListPaths = (
				"${PODS_ROOT}/Target Support Files/Pods-Guided Missile-Guided MissileUITests/Pods-Guided Missile-Guided MissileUITests-frameworks-${CONFIGURATION}-output-files.xcfilelist",
			);
			runOnlyForDeploymentPostprocessing = 0;
			shellPath = /bin/sh;
			shellScript = "\"${PODS_ROOT}/Target Support Files/Pods-Guided Missile-Guided MissileUITests/Pods-Guided Missile-Guided MissileUITests-frameworks.sh\"\n";
			showEnvVarsInLog = 0;
		};
/* End PBXShellScriptBuildPhase section */

/* Begin PBXSourcesBuildPhase section */
		28D8C6272942AC150067D801 /* Sources */ = {
			isa = PBXSourcesBuildPhase;
			buildActionMask = 2147483647;
			files = (
				28C70BC9294D2C5600ADAC9A /* GameViewModel.swift in Sources */,
				28D8C6352942AC150067D801 /* GameScene.swift in Sources */,
				28B51A17297A190B004ABF68 /* Reachability.swift in Sources */,
				28D8C6372942AC150067D801 /* GameViewController.swift in Sources */,
				28D8C6622942AF620067D801 /* MyLog.swift in Sources */,
				28A12EA52966222300EF2E5B /* Haptic.swift in Sources */,
				28D8C6662942AF930067D801 /* MotionForSpriteKit.swift in Sources */,
				28A12E9929661DC300EF2E5B /* Sound.swift in Sources */,
				28A12E8C29637FDC00EF2E5B /* Helper.swift in Sources */,
				28D8C6642942AF880067D801 /* Motion.swift in Sources */,
				28D8C62F2942AC150067D801 /* AppDelegate.swift in Sources */,
				28D8C66A294794EE0067D801 /* ShapeNodeBuilder.swift in Sources */,
			);
			runOnlyForDeploymentPostprocessing = 0;
		};
		28D8C6402942AC160067D801 /* Sources */ = {
			isa = PBXSourcesBuildPhase;
			buildActionMask = 2147483647;
			files = (
				28D8C6492942AC160067D801 /* Guided_MissileTests.swift in Sources */,
			);
			runOnlyForDeploymentPostprocessing = 0;
		};
		28D8C64A2942AC170067D801 /* Sources */ = {
			isa = PBXSourcesBuildPhase;
			buildActionMask = 2147483647;
			files = (
				28D8C6532942AC170067D801 /* Guided_MissileUITests.swift in Sources */,
				28D8C6552942AC170067D801 /* Guided_MissileUITestsLaunchTests.swift in Sources */,
			);
			runOnlyForDeploymentPostprocessing = 0;
		};
/* End PBXSourcesBuildPhase section */

/* Begin PBXTargetDependency section */
		28D8C6462942AC160067D801 /* PBXTargetDependency */ = {
			isa = PBXTargetDependency;
			target = 28D8C62A2942AC150067D801 /* Guided Missile */;
			targetProxy = 28D8C6452942AC160067D801 /* PBXContainerItemProxy */;
		};
		28D8C6502942AC170067D801 /* PBXTargetDependency */ = {
			isa = PBXTargetDependency;
			target = 28D8C62A2942AC150067D801 /* Guided Missile */;
			targetProxy = 28D8C64F2942AC170067D801 /* PBXContainerItemProxy */;
		};
/* End PBXTargetDependency section */

/* Begin PBXVariantGroup section */
		28D8C6382942AC150067D801 /* Main.storyboard */ = {
			isa = PBXVariantGroup;
			children = (
				28D8C6392942AC150067D801 /* Base */,
			);
			name = Main.storyboard;
			sourceTree = "<group>";
		};
		28D8C63D2942AC160067D801 /* LaunchScreen.storyboard */ = {
			isa = PBXVariantGroup;
			children = (
				28D8C63E2942AC160067D801 /* Base */,
			);
			name = LaunchScreen.storyboard;
			sourceTree = "<group>";
		};
/* End PBXVariantGroup section */

/* Begin XCBuildConfiguration section */
		28D8C6562942AC170067D801 /* Debug */ = {
			isa = XCBuildConfiguration;
			buildSettings = {
				ALWAYS_SEARCH_USER_PATHS = NO;
				CLANG_ANALYZER_NONNULL = YES;
				CLANG_ANALYZER_NUMBER_OBJECT_CONVERSION = YES_AGGRESSIVE;
				CLANG_CXX_LANGUAGE_STANDARD = "gnu++20";
				CLANG_ENABLE_MODULES = YES;
				CLANG_ENABLE_OBJC_ARC = YES;
				CLANG_ENABLE_OBJC_WEAK = YES;
				CLANG_WARN_BLOCK_CAPTURE_AUTORELEASING = YES;
				CLANG_WARN_BOOL_CONVERSION = YES;
				CLANG_WARN_COMMA = YES;
				CLANG_WARN_CONSTANT_CONVERSION = YES;
				CLANG_WARN_DEPRECATED_OBJC_IMPLEMENTATIONS = YES;
				CLANG_WARN_DIRECT_OBJC_ISA_USAGE = YES_ERROR;
				CLANG_WARN_DOCUMENTATION_COMMENTS = YES;
				CLANG_WARN_EMPTY_BODY = YES;
				CLANG_WARN_ENUM_CONVERSION = YES;
				CLANG_WARN_INFINITE_RECURSION = YES;
				CLANG_WARN_INT_CONVERSION = YES;
				CLANG_WARN_NON_LITERAL_NULL_CONVERSION = YES;
				CLANG_WARN_OBJC_IMPLICIT_RETAIN_SELF = YES;
				CLANG_WARN_OBJC_LITERAL_CONVERSION = YES;
				CLANG_WARN_OBJC_ROOT_CLASS = YES_ERROR;
				CLANG_WARN_QUOTED_INCLUDE_IN_FRAMEWORK_HEADER = YES;
				CLANG_WARN_RANGE_LOOP_ANALYSIS = YES;
				CLANG_WARN_STRICT_PROTOTYPES = YES;
				CLANG_WARN_SUSPICIOUS_MOVE = YES;
				CLANG_WARN_UNGUARDED_AVAILABILITY = YES_AGGRESSIVE;
				CLANG_WARN_UNREACHABLE_CODE = YES;
				CLANG_WARN__DUPLICATE_METHOD_MATCH = YES;
				COPY_PHASE_STRIP = NO;
				DEBUG_INFORMATION_FORMAT = dwarf;
				ENABLE_STRICT_OBJC_MSGSEND = YES;
				ENABLE_TESTABILITY = YES;
				GCC_C_LANGUAGE_STANDARD = gnu11;
				GCC_DYNAMIC_NO_PIC = NO;
				GCC_NO_COMMON_BLOCKS = YES;
				GCC_OPTIMIZATION_LEVEL = 0;
				GCC_PREPROCESSOR_DEFINITIONS = (
					"DEBUG=1",
					"$(inherited)",
				);
				GCC_WARN_64_TO_32_BIT_CONVERSION = YES;
				GCC_WARN_ABOUT_RETURN_TYPE = YES_ERROR;
				GCC_WARN_UNDECLARED_SELECTOR = YES;
				GCC_WARN_UNINITIALIZED_AUTOS = YES_AGGRESSIVE;
				GCC_WARN_UNUSED_FUNCTION = YES;
				GCC_WARN_UNUSED_VARIABLE = YES;
				IPHONEOS_DEPLOYMENT_TARGET = 16.1;
				MTL_ENABLE_DEBUG_INFO = INCLUDE_SOURCE;
				MTL_FAST_MATH = YES;
				ONLY_ACTIVE_ARCH = YES;
				SDKROOT = iphoneos;
				SWIFT_ACTIVE_COMPILATION_CONDITIONS = DEBUG;
				SWIFT_OPTIMIZATION_LEVEL = "-Onone";
			};
			name = Debug;
		};
		28D8C6572942AC170067D801 /* Release */ = {
			isa = XCBuildConfiguration;
			buildSettings = {
				ALWAYS_SEARCH_USER_PATHS = NO;
				CLANG_ANALYZER_NONNULL = YES;
				CLANG_ANALYZER_NUMBER_OBJECT_CONVERSION = YES_AGGRESSIVE;
				CLANG_CXX_LANGUAGE_STANDARD = "gnu++20";
				CLANG_ENABLE_MODULES = YES;
				CLANG_ENABLE_OBJC_ARC = YES;
				CLANG_ENABLE_OBJC_WEAK = YES;
				CLANG_WARN_BLOCK_CAPTURE_AUTORELEASING = YES;
				CLANG_WARN_BOOL_CONVERSION = YES;
				CLANG_WARN_COMMA = YES;
				CLANG_WARN_CONSTANT_CONVERSION = YES;
				CLANG_WARN_DEPRECATED_OBJC_IMPLEMENTATIONS = YES;
				CLANG_WARN_DIRECT_OBJC_ISA_USAGE = YES_ERROR;
				CLANG_WARN_DOCUMENTATION_COMMENTS = YES;
				CLANG_WARN_EMPTY_BODY = YES;
				CLANG_WARN_ENUM_CONVERSION = YES;
				CLANG_WARN_INFINITE_RECURSION = YES;
				CLANG_WARN_INT_CONVERSION = YES;
				CLANG_WARN_NON_LITERAL_NULL_CONVERSION = YES;
				CLANG_WARN_OBJC_IMPLICIT_RETAIN_SELF = YES;
				CLANG_WARN_OBJC_LITERAL_CONVERSION = YES;
				CLANG_WARN_OBJC_ROOT_CLASS = YES_ERROR;
				CLANG_WARN_QUOTED_INCLUDE_IN_FRAMEWORK_HEADER = YES;
				CLANG_WARN_RANGE_LOOP_ANALYSIS = YES;
				CLANG_WARN_STRICT_PROTOTYPES = YES;
				CLANG_WARN_SUSPICIOUS_MOVE = YES;
				CLANG_WARN_UNGUARDED_AVAILABILITY = YES_AGGRESSIVE;
				CLANG_WARN_UNREACHABLE_CODE = YES;
				CLANG_WARN__DUPLICATE_METHOD_MATCH = YES;
				COPY_PHASE_STRIP = NO;
				DEBUG_INFORMATION_FORMAT = "dwarf-with-dsym";
				ENABLE_NS_ASSERTIONS = NO;
				ENABLE_STRICT_OBJC_MSGSEND = YES;
				GCC_C_LANGUAGE_STANDARD = gnu11;
				GCC_NO_COMMON_BLOCKS = YES;
				GCC_WARN_64_TO_32_BIT_CONVERSION = YES;
				GCC_WARN_ABOUT_RETURN_TYPE = YES_ERROR;
				GCC_WARN_UNDECLARED_SELECTOR = YES;
				GCC_WARN_UNINITIALIZED_AUTOS = YES_AGGRESSIVE;
				GCC_WARN_UNUSED_FUNCTION = YES;
				GCC_WARN_UNUSED_VARIABLE = YES;
				IPHONEOS_DEPLOYMENT_TARGET = 16.1;
				MTL_ENABLE_DEBUG_INFO = NO;
				MTL_FAST_MATH = YES;
				SDKROOT = iphoneos;
				SWIFT_COMPILATION_MODE = wholemodule;
				SWIFT_OPTIMIZATION_LEVEL = "-O";
				VALIDATE_PRODUCT = YES;
			};
			name = Release;
		};
		28D8C6592942AC170067D801 /* Debug */ = {
			isa = XCBuildConfiguration;
			baseConfigurationReference = D75BDE6F56EEC1947033D971 /* Pods-Guided Missile.debug.xcconfig */;
			buildSettings = {
				ASSETCATALOG_COMPILER_APPICON_NAME = AppIcon;
				ASSETCATALOG_COMPILER_GLOBAL_ACCENT_COLOR_NAME = AccentColor;
				CODE_SIGN_ENTITLEMENTS = "Guided Missile/Guided Missile.entitlements";
				CODE_SIGN_STYLE = Automatic;
				CURRENT_PROJECT_VERSION = 1;
				DEVELOPMENT_TEAM = XXF7Y2ZTA7;
				GENERATE_INFOPLIST_FILE = YES;
				INFOPLIST_FILE = "Guided-Missile-Info.plist";
				INFOPLIST_KEY_UIApplicationSupportsIndirectInputEvents = YES;
				INFOPLIST_KEY_UILaunchStoryboardName = LaunchScreen;
				INFOPLIST_KEY_UIMainStoryboardFile = Main;
				INFOPLIST_KEY_UIRequiresFullScreen = YES;
				INFOPLIST_KEY_UIStatusBarHidden = YES;
				INFOPLIST_KEY_UISupportedInterfaceOrientations = UIInterfaceOrientationPortrait;
				IPHONEOS_DEPLOYMENT_TARGET = 15.6;
				LD_RUNPATH_SEARCH_PATHS = (
					"$(inherited)",
					"@executable_path/Frameworks",
				);
				MARKETING_VERSION = 1.0;
				PRODUCT_BUNDLE_IDENTIFIER = "com.TinyPurpleGrapes.Guided-Missile";
				PRODUCT_NAME = "$(TARGET_NAME)";
				SWIFT_EMIT_LOC_STRINGS = YES;
				SWIFT_VERSION = 5.0;
				TARGETED_DEVICE_FAMILY = "1,2";
			};
			name = Debug;
		};
		28D8C65A2942AC170067D801 /* Release */ = {
			isa = XCBuildConfiguration;
			baseConfigurationReference = 87265E5263CBD1CCAD4B1C7D /* Pods-Guided Missile.release.xcconfig */;
			buildSettings = {
				ASSETCATALOG_COMPILER_APPICON_NAME = AppIcon;
				ASSETCATALOG_COMPILER_GLOBAL_ACCENT_COLOR_NAME = AccentColor;
				CODE_SIGN_ENTITLEMENTS = "Guided Missile/Guided Missile.entitlements";
				CODE_SIGN_STYLE = Automatic;
				CURRENT_PROJECT_VERSION = 1;
				DEVELOPMENT_TEAM = XXF7Y2ZTA7;
				GENERATE_INFOPLIST_FILE = YES;
				INFOPLIST_FILE = "Guided-Missile-Info.plist";
				INFOPLIST_KEY_UIApplicationSupportsIndirectInputEvents = YES;
				INFOPLIST_KEY_UILaunchStoryboardName = LaunchScreen;
				INFOPLIST_KEY_UIMainStoryboardFile = Main;
				INFOPLIST_KEY_UIRequiresFullScreen = YES;
				INFOPLIST_KEY_UIStatusBarHidden = YES;
				INFOPLIST_KEY_UISupportedInterfaceOrientations = UIInterfaceOrientationPortrait;
				IPHONEOS_DEPLOYMENT_TARGET = 15.6;
				LD_RUNPATH_SEARCH_PATHS = (
					"$(inherited)",
					"@executable_path/Frameworks",
				);
				MARKETING_VERSION = 1.0;
				PRODUCT_BUNDLE_IDENTIFIER = "com.TinyPurpleGrapes.Guided-Missile";
				PRODUCT_NAME = "$(TARGET_NAME)";
				SWIFT_EMIT_LOC_STRINGS = YES;
				SWIFT_VERSION = 5.0;
				TARGETED_DEVICE_FAMILY = "1,2";
			};
			name = Release;
		};
		28D8C65C2942AC170067D801 /* Debug */ = {
			isa = XCBuildConfiguration;
			baseConfigurationReference = 4C2D418338B2918AD2183D8E /* Pods-Guided MissileTests.debug.xcconfig */;
			buildSettings = {
				ALWAYS_EMBED_SWIFT_STANDARD_LIBRARIES = YES;
				BUNDLE_LOADER = "$(TEST_HOST)";
				CODE_SIGN_STYLE = Automatic;
				CURRENT_PROJECT_VERSION = 1;
				DEVELOPMENT_TEAM = XXF7Y2ZTA7;
				GENERATE_INFOPLIST_FILE = YES;
				IPHONEOS_DEPLOYMENT_TARGET = 16.1;
				MARKETING_VERSION = 1.0;
				PRODUCT_BUNDLE_IDENTIFIER = "com.TinyPurpleGrapes.Guided-MissileTests";
				PRODUCT_NAME = "$(TARGET_NAME)";
				SWIFT_EMIT_LOC_STRINGS = NO;
				SWIFT_VERSION = 5.0;
				TARGETED_DEVICE_FAMILY = "1,2";
				TEST_HOST = "$(BUILT_PRODUCTS_DIR)/Guided Missile.app/$(BUNDLE_EXECUTABLE_FOLDER_PATH)/Guided Missile";
			};
			name = Debug;
		};
		28D8C65D2942AC170067D801 /* Release */ = {
			isa = XCBuildConfiguration;
			baseConfigurationReference = 5B148ECBDA34257028A43A87 /* Pods-Guided MissileTests.release.xcconfig */;
			buildSettings = {
				ALWAYS_EMBED_SWIFT_STANDARD_LIBRARIES = YES;
				BUNDLE_LOADER = "$(TEST_HOST)";
				CODE_SIGN_STYLE = Automatic;
				CURRENT_PROJECT_VERSION = 1;
				DEVELOPMENT_TEAM = XXF7Y2ZTA7;
				GENERATE_INFOPLIST_FILE = YES;
				IPHONEOS_DEPLOYMENT_TARGET = 16.1;
				MARKETING_VERSION = 1.0;
				PRODUCT_BUNDLE_IDENTIFIER = "com.TinyPurpleGrapes.Guided-MissileTests";
				PRODUCT_NAME = "$(TARGET_NAME)";
				SWIFT_EMIT_LOC_STRINGS = NO;
				SWIFT_VERSION = 5.0;
				TARGETED_DEVICE_FAMILY = "1,2";
				TEST_HOST = "$(BUILT_PRODUCTS_DIR)/Guided Missile.app/$(BUNDLE_EXECUTABLE_FOLDER_PATH)/Guided Missile";
			};
			name = Release;
		};
		28D8C65F2942AC170067D801 /* Debug */ = {
			isa = XCBuildConfiguration;
			baseConfigurationReference = 1A5FA4EBD6667BC6233A8289 /* Pods-Guided Missile-Guided MissileUITests.debug.xcconfig */;
			buildSettings = {
				ALWAYS_EMBED_SWIFT_STANDARD_LIBRARIES = YES;
				CODE_SIGN_STYLE = Automatic;
				CURRENT_PROJECT_VERSION = 1;
				DEVELOPMENT_TEAM = XXF7Y2ZTA7;
				GENERATE_INFOPLIST_FILE = YES;
				MARKETING_VERSION = 1.0;
				PRODUCT_BUNDLE_IDENTIFIER = "com.TinyPurpleGrapes.Guided-MissileUITests";
				PRODUCT_NAME = "$(TARGET_NAME)";
				SWIFT_EMIT_LOC_STRINGS = NO;
				SWIFT_VERSION = 5.0;
				TARGETED_DEVICE_FAMILY = "1,2";
				TEST_TARGET_NAME = "Guided Missile";
			};
			name = Debug;
		};
		28D8C6602942AC170067D801 /* Release */ = {
			isa = XCBuildConfiguration;
			baseConfigurationReference = F306F400E6FFE8B088A1D432 /* Pods-Guided Missile-Guided MissileUITests.release.xcconfig */;
			buildSettings = {
				ALWAYS_EMBED_SWIFT_STANDARD_LIBRARIES = YES;
				CODE_SIGN_STYLE = Automatic;
				CURRENT_PROJECT_VERSION = 1;
				DEVELOPMENT_TEAM = XXF7Y2ZTA7;
				GENERATE_INFOPLIST_FILE = YES;
				MARKETING_VERSION = 1.0;
				PRODUCT_BUNDLE_IDENTIFIER = "com.TinyPurpleGrapes.Guided-MissileUITests";
				PRODUCT_NAME = "$(TARGET_NAME)";
				SWIFT_EMIT_LOC_STRINGS = NO;
				SWIFT_VERSION = 5.0;
				TARGETED_DEVICE_FAMILY = "1,2";
				TEST_TARGET_NAME = "Guided Missile";
			};
			name = Release;
		};
/* End XCBuildConfiguration section */

/* Begin XCConfigurationList section */
		28D8C6262942AC150067D801 /* Build configuration list for PBXProject "Guided Missile" */ = {
			isa = XCConfigurationList;
			buildConfigurations = (
				28D8C6562942AC170067D801 /* Debug */,
				28D8C6572942AC170067D801 /* Release */,
			);
			defaultConfigurationIsVisible = 0;
			defaultConfigurationName = Release;
		};
		28D8C6582942AC170067D801 /* Build configuration list for PBXNativeTarget "Guided Missile" */ = {
			isa = XCConfigurationList;
			buildConfigurations = (
				28D8C6592942AC170067D801 /* Debug */,
				28D8C65A2942AC170067D801 /* Release */,
			);
			defaultConfigurationIsVisible = 0;
			defaultConfigurationName = Release;
		};
		28D8C65B2942AC170067D801 /* Build configuration list for PBXNativeTarget "Guided MissileTests" */ = {
			isa = XCConfigurationList;
			buildConfigurations = (
				28D8C65C2942AC170067D801 /* Debug */,
				28D8C65D2942AC170067D801 /* Release */,
			);
			defaultConfigurationIsVisible = 0;
			defaultConfigurationName = Release;
		};
		28D8C65E2942AC170067D801 /* Build configuration list for PBXNativeTarget "Guided MissileUITests" */ = {
			isa = XCConfigurationList;
			buildConfigurations = (
				28D8C65F2942AC170067D801 /* Debug */,
				28D8C6602942AC170067D801 /* Release */,
			);
			defaultConfigurationIsVisible = 0;
			defaultConfigurationName = Release;
		};
/* End XCConfigurationList section */
	};
	rootObject = 28D8C6232942AC150067D801 /* Project object */;
}
